dependencies:
- name: linktree-backend
  repository: file://./charts/backend
  version: 1.0.0
- name: linktree-frontend
  repository: file://./charts/frontend
  version: 1.0.0
digest: sha256:299d68306643509b025b8327ff2ce3cd0a995f74f3ab9fa99737271f62a13608
generated: "2025-11-17T19:04:10.509982-03:00"
